
Microsoft Visual Studio Solution File, Format Version 12.00
# Visual Studio Version 16
VisualStudioVersion = 16.0.29613.14
MinimumVisualStudioVersion = 10.0.40219.1
Project("{9A19103F-16F7-4668-BE54-9A1E7A4F7556}") = "Emart.AccountService", "Emart.AccountService\Emart.AccountService.csproj", "{21EA8B60-F43A-4361-9A46-D29210064BBD}"
EndProject
Project("{9A19103F-16F7-4668-BE54-9A1E7A4F7556}") = "Emart.AdminService", "Emart.AdminService\Emart.AdminService.csproj", "{D117972C-5DC3-44CD-9A21-70C664DCA6EF}"
EndProject
Project("{9A19103F-16F7-4668-BE54-9A1E7A4F7556}") = "Emart.BuyerService", "Emart.BuyerService\Emart.BuyerService.csproj", "{F9028F82-F414-467A-A0F6-49C58A65ED95}"
EndProject
Project("{9A19103F-16F7-4668-BE54-9A1E7A4F7556}") = "Emart.SellerService", "Emart.SellerService\Emart.SellerService.csproj", "{02A938BC-C67A-4429-B72E-E542828273BD}"
EndProject
Project("{9A19103F-16F7-4668-BE54-9A1E7A4F7556}") = "Emart.GateWay", "Emart.GateWay\Emart.GateWay.csproj", "{7C01E727-6B80-4622-8511-A46AB57AE5B7}"
EndProject
Project("{FAE04EC0-301F-11D3-BF4B-00C04F79EFBC}") = "EmartTestNUnit", "EmartTestNUnit\EmartTestNUnit.csproj", "{470A322C-F7DA-4CFA-B2AF-CA7307CD7D07}"
EndProject
Global
	GlobalSection(SolutionConfigurationPlatforms) = preSolution
		Debug|Any CPU = Debug|Any CPU
		Release|Any CPU = Release|Any CPU
	EndGlobalSection
	GlobalSection(ProjectConfigurationPlatforms) = postSolution
		{21EA8B60-F43A-4361-9A46-D29210064BBD}.Debug|Any CPU.ActiveCfg = Debug|Any CPU
		{21EA8B60-F43A-4361-9A46-D29210064BBD}.Debug|Any CPU.Build.0 = Debug|Any CPU
		{21EA8B60-F43A-4361-9A46-D29210064BBD}.Release|Any CPU.ActiveCfg = Release|Any CPU
		{21EA8B60-F43A-4361-9A46-D29210064BBD}.Release|Any CPU.Build.0 = Release|Any CPU
		{D117972C-5DC3-44CD-9A21-70C664DCA6EF}.Debug|Any CPU.ActiveCfg = Debug|Any CPU
		{D117972C-5DC3-44CD-9A21-70C664DCA6EF}.Debug|Any CPU.Build.0 = Debug|Any CPU
		{D117972C-5DC3-44CD-9A21-70C664DCA6EF}.Release|Any CPU.ActiveCfg = Release|Any CPU
		{D117972C-5DC3-44CD-9A21-70C664DCA6EF}.Release|Any CPU.Build.0 = Release|Any CPU
		{F9028F82-F414-467A-A0F6-49C58A65ED95}.Debug|Any CPU.ActiveCfg = Debug|Any CPU
		{F9028F82-F414-467A-A0F6-49C58A65ED95}.Debug|Any CPU.Build.0 = Debug|Any CPU
		{F9028F82-F414-467A-A0F6-49C58A65ED95}.Release|Any CPU.ActiveCfg = Release|Any CPU
		{F9028F82-F414-467A-A0F6-49C58A65ED95}.Release|Any CPU.Build.0 = Release|Any CPU
		{02A938BC-C67A-4429-B72E-E542828273BD}.Debug|Any CPU.ActiveCfg = Debug|Any CPU
		{02A938BC-C67A-4429-B72E-E542828273BD}.Debug|Any CPU.Build.0 = Debug|Any CPU
		{02A938BC-C67A-4429-B72E-E542828273BD}.Release|Any CPU.ActiveCfg = Release|Any CPU
		{02A938BC-C67A-4429-B72E-E542828273BD}.Release|Any CPU.Build.0 = Release|Any CPU
		{7C01E727-6B80-4622-8511-A46AB57AE5B7}.Debug|Any CPU.ActiveCfg = Debug|Any CPU
		{7C01E727-6B80-4622-8511-A46AB57AE5B7}.Debug|Any CPU.Build.0 = Debug|Any CPU
		{7C01E727-6B80-4622-8511-A46AB57AE5B7}.Release|Any CPU.ActiveCfg = Release|Any CPU
		{7C01E727-6B80-4622-8511-A46AB57AE5B7}.Release|Any CPU.Build.0 = Release|Any CPU
		{470A322C-F7DA-4CFA-B2AF-CA7307CD7D07}.Debug|Any CPU.ActiveCfg = Debug|Any CPU
		{470A322C-F7DA-4CFA-B2AF-CA7307CD7D07}.Debug|Any CPU.Build.0 = Debug|Any CPU
		{470A322C-F7DA-4CFA-B2AF-CA7307CD7D07}.Release|Any CPU.ActiveCfg = Release|Any CPU
		{470A322C-F7DA-4CFA-B2AF-CA7307CD7D07}.Release|Any CPU.Build.0 = Release|Any CPU
	EndGlobalSection
	GlobalSection(SolutionProperties) = preSolution
		HideSolutionNode = FALSE
	EndGlobalSection
	GlobalSection(ExtensibilityGlobals) = postSolution
		SolutionGuid = {8D06A13E-06AB-42FF-87F7-D76CFEA5993D}
	EndGlobalSection
EndGlobal
